{
  "name": "get-ssh-config",
  "version": "1.0.0",
  "lockfileVersion": 1,
  "requires": true,
  "dependencies": {
    "ssh-config": {
      "version": "4.0.2",
      "resolved": "https://registry.npmjs.org/ssh-config/-/ssh-config-4.0.2.tgz",
      "integrity": "sha512-FdQqtQeQE2ilcYDRF0+J0QU1xmAIKtrco6WUqzn5RBYoPinH0K9Lpim2eYReX19M5MLKPZmR/LOiWTFI/RsbDw=="
    }
  }
}
